
Microsoft Visual Studio Solution File, Format Version 12.00
# Visual Studio 14
VisualStudioVersion = 14.0.25420.1
MinimumVisualStudioVersion = 10.0.40219.1
Project("{FAE04EC0-301F-11D3-BF4B-00C04F79EFBC}") = "AccesoDatos", "AccesoDatos\AccesoDatos.csproj", "{2365CBB4-EBC2-48A0-A92E-808800216A32}"
EndProject
Project("{FAE04EC0-301F-11D3-BF4B-00C04F79EFBC}") = "TiendaLinea", "TiendaLinea\TiendaLinea.csproj", "{B5994586-B314-4300-9175-EC7D49D0F06C}"
EndProject
Project("{FAE04EC0-301F-11D3-BF4B-00C04F79EFBC}") = "WSTiendaLineaRest", "WSTiendaLineaRest\WSTiendaLineaRest.csproj", "{1CABF95A-6E4D-431E-9153-AD69E094F65E}"
EndProject
Project("{FAE04EC0-301F-11D3-BF4B-00C04F79EFBC}") = "WSTiendaLineaSOAP", "WSTiendaLineaSOAP\WSTiendaLineaSOAP.csproj", "{C64B3FF9-A466-4484-A085-DD7C1F59E413}"
EndProject
Project("{FAE04EC0-301F-11D3-BF4B-00C04F79EFBC}") = "AppMovilTienda", "AppMovilTienda\AppMovilTienda.csproj", "{C8EB4C13-A496-4DA4-8E99-16AECE8DDAC2}"
EndProject
Project("{2150E333-8FDC-42A3-9474-1A3956D46DE8}") = "Solution Items", "Solution Items", "{7CCDC961-E6D5-4B8C-B254-B43F90D9B29F}"
	ProjectSection(SolutionItems) = preProject
		tiendaenlinea.mdf = tiendaenlinea.mdf
		tiendaenlinea_log.ldf = tiendaenlinea_log.ldf
	EndProjectSection
EndProject
Project("{FAE04EC0-301F-11D3-BF4B-00C04F79EFBC}") = "AdministracionTiendaLinea", "AdministracionTiendaenLinea\AdministracionTiendaLinea.csproj", "{837DAD3A-A03C-4F8A-8D19-F481FB09106A}"
EndProject
Global
	GlobalSection(SolutionConfigurationPlatforms) = preSolution
		Debug|Any CPU = Debug|Any CPU
		Release|Any CPU = Release|Any CPU
	EndGlobalSection
	GlobalSection(ProjectConfigurationPlatforms) = postSolution
		{2365CBB4-EBC2-48A0-A92E-808800216A32}.Debug|Any CPU.ActiveCfg = Debug|Any CPU
		{2365CBB4-EBC2-48A0-A92E-808800216A32}.Debug|Any CPU.Build.0 = Debug|Any CPU
		{2365CBB4-EBC2-48A0-A92E-808800216A32}.Release|Any CPU.ActiveCfg = Release|Any CPU
		{2365CBB4-EBC2-48A0-A92E-808800216A32}.Release|Any CPU.Build.0 = Release|Any CPU
		{B5994586-B314-4300-9175-EC7D49D0F06C}.Debug|Any CPU.ActiveCfg = Debug|Any CPU
		{B5994586-B314-4300-9175-EC7D49D0F06C}.Debug|Any CPU.Build.0 = Debug|Any CPU
		{B5994586-B314-4300-9175-EC7D49D0F06C}.Release|Any CPU.ActiveCfg = Release|Any CPU
		{B5994586-B314-4300-9175-EC7D49D0F06C}.Release|Any CPU.Build.0 = Release|Any CPU
		{1CABF95A-6E4D-431E-9153-AD69E094F65E}.Debug|Any CPU.ActiveCfg = Debug|Any CPU
		{1CABF95A-6E4D-431E-9153-AD69E094F65E}.Debug|Any CPU.Build.0 = Debug|Any CPU
		{1CABF95A-6E4D-431E-9153-AD69E094F65E}.Release|Any CPU.ActiveCfg = Release|Any CPU
		{1CABF95A-6E4D-431E-9153-AD69E094F65E}.Release|Any CPU.Build.0 = Release|Any CPU
		{C64B3FF9-A466-4484-A085-DD7C1F59E413}.Debug|Any CPU.ActiveCfg = Debug|Any CPU
		{C64B3FF9-A466-4484-A085-DD7C1F59E413}.Debug|Any CPU.Build.0 = Debug|Any CPU
		{C64B3FF9-A466-4484-A085-DD7C1F59E413}.Release|Any CPU.ActiveCfg = Release|Any CPU
		{C64B3FF9-A466-4484-A085-DD7C1F59E413}.Release|Any CPU.Build.0 = Release|Any CPU
		{C8EB4C13-A496-4DA4-8E99-16AECE8DDAC2}.Debug|Any CPU.ActiveCfg = Debug|Any CPU
		{C8EB4C13-A496-4DA4-8E99-16AECE8DDAC2}.Debug|Any CPU.Build.0 = Debug|Any CPU
		{C8EB4C13-A496-4DA4-8E99-16AECE8DDAC2}.Release|Any CPU.ActiveCfg = Release|Any CPU
		{C8EB4C13-A496-4DA4-8E99-16AECE8DDAC2}.Release|Any CPU.Build.0 = Release|Any CPU
		{837DAD3A-A03C-4F8A-8D19-F481FB09106A}.Debug|Any CPU.ActiveCfg = Debug|Any CPU
		{837DAD3A-A03C-4F8A-8D19-F481FB09106A}.Debug|Any CPU.Build.0 = Debug|Any CPU
		{837DAD3A-A03C-4F8A-8D19-F481FB09106A}.Release|Any CPU.ActiveCfg = Release|Any CPU
		{837DAD3A-A03C-4F8A-8D19-F481FB09106A}.Release|Any CPU.Build.0 = Release|Any CPU
	EndGlobalSection
	GlobalSection(SolutionProperties) = preSolution
		HideSolutionNode = FALSE
	EndGlobalSection
EndGlobal
